
Microsoft Visual Studio Solution File, Format Version 12.00
# Visual Studio Version 17
VisualStudioVersion = 17.0.31903.59
MinimumVisualStudioVersion = 10.0.40219.1
Project("{2150E333-8FDC-42A3-9474-1A3956D46DE8}") = "apps", "apps", "{D54363B9-4F01-4DC4-93C2-F269D76C1F1A}"
EndProject
Project("{2150E333-8FDC-42A3-9474-1A3956D46DE8}") = "gateway", "gateway", "{8D9211F8-0A9A-4BE5-BC93-DD74D86C246E}"
EndProject
Project("{FAE04EC0-301F-11D3-BF4B-00C04F79EFBC}") = "Gateway.Api", "apps\gateway\Gateway.Api\Gateway.Api.csproj", "{8ABFCFED-E4C9-443E-9FA5-9671E74FE5FE}"
EndProject
Project("{2150E333-8FDC-42A3-9474-1A3956D46DE8}") = "services", "services", "{ED69C21C-B625-457B-A520-EF46DF9144E2}"
EndProject
Project("{2150E333-8FDC-42A3-9474-1A3956D46DE8}") = "identity", "identity", "{5740A1EC-DCD0-4454-A73C-528DA0EF744D}"
EndProject
Project("{FAE04EC0-301F-11D3-BF4B-00C04F79EFBC}") = "Identity.Api", "apps\services\identity\Identity.Api\Identity.Api.csproj", "{3CE3C079-CB75-418D-B999-861F4AA7F7F9}"
EndProject
Project("{FAE04EC0-301F-11D3-BF4B-00C04F79EFBC}") = "Identity.Application", "apps\services\identity\Identity.Application\Identity.Application.csproj", "{254E78A9-93FF-4068-981E-9B928223F6EF}"
EndProject
Project("{FAE04EC0-301F-11D3-BF4B-00C04F79EFBC}") = "Identity.Domain", "apps\services\identity\Identity.Domain\Identity.Domain.csproj", "{575C5572-B50D-46AD-B7AD-3767E20708DD}"
EndProject
Project("{FAE04EC0-301F-11D3-BF4B-00C04F79EFBC}") = "Identity.Infrastructure", "apps\services\identity\Identity.Infrastructure\Identity.Infrastructure.csproj", "{4D9322E6-7F2C-4B30-BCB1-BD78573E8A5E}"
EndProject
Project("{2150E333-8FDC-42A3-9474-1A3956D46DE8}") = "shared", "shared", "{3C7C5BFC-0D65-48AA-835C-9B4D29321BDF}"
EndProject
Project("{2150E333-8FDC-42A3-9474-1A3956D46DE8}") = "contracts", "contracts", "{83142D92-713D-4648-A45B-DEC233023036}"
EndProject
Project("{FAE04EC0-301F-11D3-BF4B-00C04F79EFBC}") = "Contracts", "shared\contracts\Contracts\Contracts.csproj", "{4C6EEA70-5133-48AC-8B9F-BD49BC2F850B}"
EndProject
Project("{2150E333-8FDC-42A3-9474-1A3956D46DE8}") = "building-blocks", "building-blocks", "{7874EE18-124D-4FEE-856B-4EA304DFA905}"
EndProject
Project("{FAE04EC0-301F-11D3-BF4B-00C04F79EFBC}") = "BuildingBlocks", "shared\building-blocks\BuildingBlocks\BuildingBlocks.csproj", "{BC4B52AF-5557-4AD0-B0E9-4E69D923DA8B}"
EndProject
Project("{2150E333-8FDC-42A3-9474-1A3956D46DE8}") = "fund", "fund", "{22ECB3D9-5879-4CA5-87F7-51D63720C2E0}"
EndProject
Project("{FAE04EC0-301F-11D3-BF4B-00C04F79EFBC}") = "Fund.Domain", "apps\services\fund\Fund.Domain\Fund.Domain.csproj", "{B30490A5-65EA-477A-B0E2-C1C0256C9ABC}"
EndProject
Project("{FAE04EC0-301F-11D3-BF4B-00C04F79EFBC}") = "Fund.Application", "apps\services\fund\Fund.Application\Fund.Application.csproj", "{477D9834-E66C-4319-BAB9-D8ED6DDA1486}"
EndProject
Project("{FAE04EC0-301F-11D3-BF4B-00C04F79EFBC}") = "Fund.Infrastructure", "apps\services\fund\Fund.Infrastructure\Fund.Infrastructure.csproj", "{48F280C0-C231-41C3-AA92-EE6C0AEDF56C}"
EndProject
Project("{FAE04EC0-301F-11D3-BF4B-00C04F79EFBC}") = "Fund.Api", "apps\services\fund\Fund.Api\Fund.Api.csproj", "{D224D623-9F3A-4C73-A1FA-887257A8066B}"
EndProject
Project("{2150E333-8FDC-42A3-9474-1A3956D46DE8}") = "careconnect", "careconnect", "{521082F9-B463-400C-82FC-AD7A22C1EC69}"
EndProject
Project("{FAE04EC0-301F-11D3-BF4B-00C04F79EFBC}") = "CareConnect.Domain", "apps\services\careconnect\CareConnect.Domain\CareConnect.Domain.csproj", "{B359BBED-79C4-481E-A978-CA674D50F75B}"
EndProject
Project("{FAE04EC0-301F-11D3-BF4B-00C04F79EFBC}") = "CareConnect.Application", "apps\services\careconnect\CareConnect.Application\CareConnect.Application.csproj", "{61BE05E5-C48F-4597-8EB0-3A17F5AE0115}"
EndProject
Project("{FAE04EC0-301F-11D3-BF4B-00C04F79EFBC}") = "CareConnect.Infrastructure", "apps\services\careconnect\CareConnect.Infrastructure\CareConnect.Infrastructure.csproj", "{9E53B8CB-CF51-48CD-AC7D-12D6F5A3E349}"
EndProject
Project("{FAE04EC0-301F-11D3-BF4B-00C04F79EFBC}") = "CareConnect.Api", "apps\services\careconnect\CareConnect.Api\CareConnect.Api.csproj", "{0038F8C7-13F1-44D5-B464-B7974C6767EA}"
EndProject
Project("{FAE04EC0-301F-11D3-BF4B-00C04F79EFBC}") = "LegalSynq.AuditClient", "shared\audit-client\LegalSynq.AuditClient\LegalSynq.AuditClient.csproj", "{67F439DB-D775-4A13-943D-92487DF794AD}"
EndProject
Project("{FAE04EC0-301F-11D3-BF4B-00C04F79EFBC}") = "CareConnect.Tests", "apps\services\careconnect\CareConnect.Tests\CareConnect.Tests.csproj", "{4F495AD1-7FDC-419C-A8DE-22FD23609C63}"
EndProject
Global
	GlobalSection(SolutionConfigurationPlatforms) = preSolution
		Debug|Any CPU = Debug|Any CPU
		Release|Any CPU = Release|Any CPU
	EndGlobalSection
	GlobalSection(SolutionProperties) = preSolution
		HideSolutionNode = FALSE
	EndGlobalSection
	GlobalSection(ProjectConfigurationPlatforms) = postSolution
		{8ABFCFED-E4C9-443E-9FA5-9671E74FE5FE}.Debug|Any CPU.ActiveCfg = Debug|Any CPU
		{8ABFCFED-E4C9-443E-9FA5-9671E74FE5FE}.Debug|Any CPU.Build.0 = Debug|Any CPU
		{8ABFCFED-E4C9-443E-9FA5-9671E74FE5FE}.Release|Any CPU.ActiveCfg = Release|Any CPU
		{8ABFCFED-E4C9-443E-9FA5-9671E74FE5FE}.Release|Any CPU.Build.0 = Release|Any CPU
		{3CE3C079-CB75-418D-B999-861F4AA7F7F9}.Debug|Any CPU.ActiveCfg = Debug|Any CPU
		{3CE3C079-CB75-418D-B999-861F4AA7F7F9}.Debug|Any CPU.Build.0 = Debug|Any CPU
		{3CE3C079-CB75-418D-B999-861F4AA7F7F9}.Release|Any CPU.ActiveCfg = Release|Any CPU
		{3CE3C079-CB75-418D-B999-861F4AA7F7F9}.Release|Any CPU.Build.0 = Release|Any CPU
		{254E78A9-93FF-4068-981E-9B928223F6EF}.Debug|Any CPU.ActiveCfg = Debug|Any CPU
		{254E78A9-93FF-4068-981E-9B928223F6EF}.Debug|Any CPU.Build.0 = Debug|Any CPU
		{254E78A9-93FF-4068-981E-9B928223F6EF}.Release|Any CPU.ActiveCfg = Release|Any CPU
		{254E78A9-93FF-4068-981E-9B928223F6EF}.Release|Any CPU.Build.0 = Release|Any CPU
		{575C5572-B50D-46AD-B7AD-3767E20708DD}.Debug|Any CPU.ActiveCfg = Debug|Any CPU
		{575C5572-B50D-46AD-B7AD-3767E20708DD}.Debug|Any CPU.Build.0 = Debug|Any CPU
		{575C5572-B50D-46AD-B7AD-3767E20708DD}.Release|Any CPU.ActiveCfg = Release|Any CPU
		{575C5572-B50D-46AD-B7AD-3767E20708DD}.Release|Any CPU.Build.0 = Release|Any CPU
		{4D9322E6-7F2C-4B30-BCB1-BD78573E8A5E}.Debug|Any CPU.ActiveCfg = Debug|Any CPU
		{4D9322E6-7F2C-4B30-BCB1-BD78573E8A5E}.Debug|Any CPU.Build.0 = Debug|Any CPU
		{4D9322E6-7F2C-4B30-BCB1-BD78573E8A5E}.Release|Any CPU.ActiveCfg = Release|Any CPU
		{4D9322E6-7F2C-4B30-BCB1-BD78573E8A5E}.Release|Any CPU.Build.0 = Release|Any CPU
		{4C6EEA70-5133-48AC-8B9F-BD49BC2F850B}.Debug|Any CPU.ActiveCfg = Debug|Any CPU
		{4C6EEA70-5133-48AC-8B9F-BD49BC2F850B}.Debug|Any CPU.Build.0 = Debug|Any CPU
		{4C6EEA70-5133-48AC-8B9F-BD49BC2F850B}.Release|Any CPU.ActiveCfg = Release|Any CPU
		{4C6EEA70-5133-48AC-8B9F-BD49BC2F850B}.Release|Any CPU.Build.0 = Release|Any CPU
		{BC4B52AF-5557-4AD0-B0E9-4E69D923DA8B}.Debug|Any CPU.ActiveCfg = Debug|Any CPU
		{BC4B52AF-5557-4AD0-B0E9-4E69D923DA8B}.Debug|Any CPU.Build.0 = Debug|Any CPU
		{BC4B52AF-5557-4AD0-B0E9-4E69D923DA8B}.Release|Any CPU.ActiveCfg = Release|Any CPU
		{BC4B52AF-5557-4AD0-B0E9-4E69D923DA8B}.Release|Any CPU.Build.0 = Release|Any CPU
		{B2C3D4E5-F6A7-4890-BCDE-F12345678901}.Debug|Any CPU.ActiveCfg = Debug|Any CPU
		{B2C3D4E5-F6A7-4890-BCDE-F12345678901}.Debug|Any CPU.Build.0 = Debug|Any CPU
		{B2C3D4E5-F6A7-4890-BCDE-F12345678901}.Release|Any CPU.ActiveCfg = Release|Any CPU
		{B2C3D4E5-F6A7-4890-BCDE-F12345678901}.Release|Any CPU.Build.0 = Release|Any CPU
		{B30490A5-65EA-477A-B0E2-C1C0256C9ABC}.Debug|Any CPU.ActiveCfg = Debug|Any CPU
		{B30490A5-65EA-477A-B0E2-C1C0256C9ABC}.Debug|Any CPU.Build.0 = Debug|Any CPU
		{B30490A5-65EA-477A-B0E2-C1C0256C9ABC}.Release|Any CPU.ActiveCfg = Release|Any CPU
		{B30490A5-65EA-477A-B0E2-C1C0256C9ABC}.Release|Any CPU.Build.0 = Release|Any CPU
		{477D9834-E66C-4319-BAB9-D8ED6DDA1486}.Debug|Any CPU.ActiveCfg = Debug|Any CPU
		{477D9834-E66C-4319-BAB9-D8ED6DDA1486}.Debug|Any CPU.Build.0 = Debug|Any CPU
		{477D9834-E66C-4319-BAB9-D8ED6DDA1486}.Release|Any CPU.ActiveCfg = Release|Any CPU
		{477D9834-E66C-4319-BAB9-D8ED6DDA1486}.Release|Any CPU.Build.0 = Release|Any CPU
		{48F280C0-C231-41C3-AA92-EE6C0AEDF56C}.Debug|Any CPU.ActiveCfg = Debug|Any CPU
		{48F280C0-C231-41C3-AA92-EE6C0AEDF56C}.Debug|Any CPU.Build.0 = Debug|Any CPU
		{48F280C0-C231-41C3-AA92-EE6C0AEDF56C}.Release|Any CPU.ActiveCfg = Release|Any CPU
		{48F280C0-C231-41C3-AA92-EE6C0AEDF56C}.Release|Any CPU.Build.0 = Release|Any CPU
		{D224D623-9F3A-4C73-A1FA-887257A8066B}.Debug|Any CPU.ActiveCfg = Debug|Any CPU
		{D224D623-9F3A-4C73-A1FA-887257A8066B}.Debug|Any CPU.Build.0 = Debug|Any CPU
		{D224D623-9F3A-4C73-A1FA-887257A8066B}.Release|Any CPU.ActiveCfg = Release|Any CPU
		{D224D623-9F3A-4C73-A1FA-887257A8066B}.Release|Any CPU.Build.0 = Release|Any CPU
		{B359BBED-79C4-481E-A978-CA674D50F75B}.Debug|Any CPU.ActiveCfg = Debug|Any CPU
		{B359BBED-79C4-481E-A978-CA674D50F75B}.Debug|Any CPU.Build.0 = Debug|Any CPU
		{B359BBED-79C4-481E-A978-CA674D50F75B}.Release|Any CPU.ActiveCfg = Release|Any CPU
		{B359BBED-79C4-481E-A978-CA674D50F75B}.Release|Any CPU.Build.0 = Release|Any CPU
		{61BE05E5-C48F-4597-8EB0-3A17F5AE0115}.Debug|Any CPU.ActiveCfg = Debug|Any CPU
		{61BE05E5-C48F-4597-8EB0-3A17F5AE0115}.Debug|Any CPU.Build.0 = Debug|Any CPU
		{61BE05E5-C48F-4597-8EB0-3A17F5AE0115}.Release|Any CPU.ActiveCfg = Release|Any CPU
		{61BE05E5-C48F-4597-8EB0-3A17F5AE0115}.Release|Any CPU.Build.0 = Release|Any CPU
		{9E53B8CB-CF51-48CD-AC7D-12D6F5A3E349}.Debug|Any CPU.ActiveCfg = Debug|Any CPU
		{9E53B8CB-CF51-48CD-AC7D-12D6F5A3E349}.Debug|Any CPU.Build.0 = Debug|Any CPU
		{9E53B8CB-CF51-48CD-AC7D-12D6F5A3E349}.Release|Any CPU.ActiveCfg = Release|Any CPU
		{9E53B8CB-CF51-48CD-AC7D-12D6F5A3E349}.Release|Any CPU.Build.0 = Release|Any CPU
		{0038F8C7-13F1-44D5-B464-B7974C6767EA}.Debug|Any CPU.ActiveCfg = Debug|Any CPU
		{0038F8C7-13F1-44D5-B464-B7974C6767EA}.Debug|Any CPU.Build.0 = Debug|Any CPU
		{0038F8C7-13F1-44D5-B464-B7974C6767EA}.Release|Any CPU.ActiveCfg = Release|Any CPU
		{0038F8C7-13F1-44D5-B464-B7974C6767EA}.Release|Any CPU.Build.0 = Release|Any CPU
		{67F439DB-D775-4A13-943D-92487DF794AD}.Debug|Any CPU.ActiveCfg = Debug|Any CPU
		{67F439DB-D775-4A13-943D-92487DF794AD}.Debug|Any CPU.Build.0 = Debug|Any CPU
		{67F439DB-D775-4A13-943D-92487DF794AD}.Release|Any CPU.ActiveCfg = Release|Any CPU
		{67F439DB-D775-4A13-943D-92487DF794AD}.Release|Any CPU.Build.0 = Release|Any CPU
		{4F495AD1-7FDC-419C-A8DE-22FD23609C63}.Debug|Any CPU.ActiveCfg = Debug|Any CPU
		{4F495AD1-7FDC-419C-A8DE-22FD23609C63}.Debug|Any CPU.Build.0 = Debug|Any CPU
		{4F495AD1-7FDC-419C-A8DE-22FD23609C63}.Release|Any CPU.ActiveCfg = Release|Any CPU
		{4F495AD1-7FDC-419C-A8DE-22FD23609C63}.Release|Any CPU.Build.0 = Release|Any CPU
	EndGlobalSection
	GlobalSection(NestedProjects) = preSolution
		{8D9211F8-0A9A-4BE5-BC93-DD74D86C246E} = {D54363B9-4F01-4DC4-93C2-F269D76C1F1A}
		{8ABFCFED-E4C9-443E-9FA5-9671E74FE5FE} = {8D9211F8-0A9A-4BE5-BC93-DD74D86C246E}
		{ED69C21C-B625-457B-A520-EF46DF9144E2} = {D54363B9-4F01-4DC4-93C2-F269D76C1F1A}
		{5740A1EC-DCD0-4454-A73C-528DA0EF744D} = {ED69C21C-B625-457B-A520-EF46DF9144E2}
		{3CE3C079-CB75-418D-B999-861F4AA7F7F9} = {5740A1EC-DCD0-4454-A73C-528DA0EF744D}
		{254E78A9-93FF-4068-981E-9B928223F6EF} = {5740A1EC-DCD0-4454-A73C-528DA0EF744D}
		{575C5572-B50D-46AD-B7AD-3767E20708DD} = {5740A1EC-DCD0-4454-A73C-528DA0EF744D}
		{4D9322E6-7F2C-4B30-BCB1-BD78573E8A5E} = {5740A1EC-DCD0-4454-A73C-528DA0EF744D}
		{83142D92-713D-4648-A45B-DEC233023036} = {3C7C5BFC-0D65-48AA-835C-9B4D29321BDF}
		{4C6EEA70-5133-48AC-8B9F-BD49BC2F850B} = {83142D92-713D-4648-A45B-DEC233023036}
		{7874EE18-124D-4FEE-856B-4EA304DFA905} = {3C7C5BFC-0D65-48AA-835C-9B4D29321BDF}
		{BC4B52AF-5557-4AD0-B0E9-4E69D923DA8B} = {7874EE18-124D-4FEE-856B-4EA304DFA905}
		{22ECB3D9-5879-4CA5-87F7-51D63720C2E0} = {ED69C21C-B625-457B-A520-EF46DF9144E2}
		{B30490A5-65EA-477A-B0E2-C1C0256C9ABC} = {22ECB3D9-5879-4CA5-87F7-51D63720C2E0}
		{477D9834-E66C-4319-BAB9-D8ED6DDA1486} = {22ECB3D9-5879-4CA5-87F7-51D63720C2E0}
		{48F280C0-C231-41C3-AA92-EE6C0AEDF56C} = {22ECB3D9-5879-4CA5-87F7-51D63720C2E0}
		{D224D623-9F3A-4C73-A1FA-887257A8066B} = {22ECB3D9-5879-4CA5-87F7-51D63720C2E0}
		{521082F9-B463-400C-82FC-AD7A22C1EC69} = {ED69C21C-B625-457B-A520-EF46DF9144E2}
		{B359BBED-79C4-481E-A978-CA674D50F75B} = {521082F9-B463-400C-82FC-AD7A22C1EC69}
		{61BE05E5-C48F-4597-8EB0-3A17F5AE0115} = {521082F9-B463-400C-82FC-AD7A22C1EC69}
		{9E53B8CB-CF51-48CD-AC7D-12D6F5A3E349} = {521082F9-B463-400C-82FC-AD7A22C1EC69}
		{0038F8C7-13F1-44D5-B464-B7974C6767EA} = {521082F9-B463-400C-82FC-AD7A22C1EC69}
		{67F439DB-D775-4A13-943D-92487DF794AD} = {3C7C5BFC-0D65-48AA-835C-9B4D29321BDF}
		{4F495AD1-7FDC-419C-A8DE-22FD23609C63} = {521082F9-B463-400C-82FC-AD7A22C1EC69}
	EndGlobalSection
EndGlobal
